
Microsoft Visual Studio Solution File, Format Version 12.00
# Visual Studio Version 17
VisualStudioVersion = 17.14.36623.8
MinimumVisualStudioVersion = 10.0.40219.1
Project("{FAE04EC0-301F-11D3-BF4B-00C04F79EFBC}") = "AddplayApp.Api", "AddplayApp.Api\AddplayApp.Api.csproj", "{EEE73296-0AEF-487C-B582-B80017AB9D14}"
EndProject
Project("{FAE04EC0-301F-11D3-BF4B-00C04F79EFBC}") = "AddplayApp.HealthMonitor", "AddplayApp.HealthMonitor\AddplayApp.HealthMonitor.csproj", "{5D33A791-B894-41FF-986B-A5808651BCD5}"
EndProject
Global
	GlobalSection(SolutionConfigurationPlatforms) = preSolution
		Debug|Any CPU = Debug|Any CPU
		Release|Any CPU = Release|Any CPU
	EndGlobalSection
	GlobalSection(ProjectConfigurationPlatforms) = postSolution
		{EEE73296-0AEF-487C-B582-B80017AB9D14}.Debug|Any CPU.ActiveCfg = Debug|Any CPU
		{EEE73296-0AEF-487C-B582-B80017AB9D14}.Debug|Any CPU.Build.0 = Debug|Any CPU
		{EEE73296-0AEF-487C-B582-B80017AB9D14}.Release|Any CPU.ActiveCfg = Release|Any CPU
		{EEE73296-0AEF-487C-B582-B80017AB9D14}.Release|Any CPU.Build.0 = Release|Any CPU
		{5D33A791-B894-41FF-986B-A5808651BCD5}.Debug|Any CPU.ActiveCfg = Debug|Any CPU
		{5D33A791-B894-41FF-986B-A5808651BCD5}.Debug|Any CPU.Build.0 = Debug|Any CPU
		{5D33A791-B894-41FF-986B-A5808651BCD5}.Release|Any CPU.ActiveCfg = Release|Any CPU
		{5D33A791-B894-41FF-986B-A5808651BCD5}.Release|Any CPU.Build.0 = Release|Any CPU
	EndGlobalSection
	GlobalSection(SolutionProperties) = preSolution
		HideSolutionNode = FALSE
	EndGlobalSection
	GlobalSection(ExtensibilityGlobals) = postSolution
		SolutionGuid = {FB503B36-DEB6-4736-9325-4219061CE032}
	EndGlobalSection
EndGlobal
